
Microsoft Visual Studio Solution File, Format Version 12.00
# Visual Studio Version 17
VisualStudioVersion = 17.9.34310.174
MinimumVisualStudioVersion = 10.0.40219.1
Project("{9A19103F-16F7-4668-BE54-9A1E7A4F7556}") = "IntelliView.CORE", "IntelliView.CORE.csproj", "{79C4DA58-0447-4E50-A2C5-3850B4818276}"
EndProject
Project("{FAE04EC0-301F-11D3-BF4B-00C04F79EFBC}") = "InteliView.DataAccess", "..\InteliView.DataAccess\InteliView.DataAccess.csproj", "{D3905E83-47E1-4D9E-BF57-1DB8224C7521}"
EndProject
Project("{FAE04EC0-301F-11D3-BF4B-00C04F79EFBC}") = "InteliView.Models", "..\InteliView.Models\InteliView.Models.csproj", "{E878F4E4-6497-403A-86A7-8B2B9DC45277}"
EndProject
Project("{FAE04EC0-301F-11D3-BF4B-00C04F79EFBC}") = "InteliView.Utility", "..\InteliView.Utility\InteliView.Utility.csproj", "{D436C668-1157-4605-8810-8E60B814B879}"
EndProject
Global
	GlobalSection(SolutionConfigurationPlatforms) = preSolution
		Debug|Any CPU = Debug|Any CPU
		Release|Any CPU = Release|Any CPU
	EndGlobalSection
	GlobalSection(ProjectConfigurationPlatforms) = postSolution
		{79C4DA58-0447-4E50-A2C5-3850B4818276}.Debug|Any CPU.ActiveCfg = Debug|Any CPU
		{79C4DA58-0447-4E50-A2C5-3850B4818276}.Debug|Any CPU.Build.0 = Debug|Any CPU
		{79C4DA58-0447-4E50-A2C5-3850B4818276}.Release|Any CPU.ActiveCfg = Release|Any CPU
		{79C4DA58-0447-4E50-A2C5-3850B4818276}.Release|Any CPU.Build.0 = Release|Any CPU
		{D3905E83-47E1-4D9E-BF57-1DB8224C7521}.Debug|Any CPU.ActiveCfg = Debug|Any CPU
		{D3905E83-47E1-4D9E-BF57-1DB8224C7521}.Debug|Any CPU.Build.0 = Debug|Any CPU
		{D3905E83-47E1-4D9E-BF57-1DB8224C7521}.Release|Any CPU.ActiveCfg = Release|Any CPU
		{D3905E83-47E1-4D9E-BF57-1DB8224C7521}.Release|Any CPU.Build.0 = Release|Any CPU
		{E878F4E4-6497-403A-86A7-8B2B9DC45277}.Debug|Any CPU.ActiveCfg = Debug|Any CPU
		{E878F4E4-6497-403A-86A7-8B2B9DC45277}.Debug|Any CPU.Build.0 = Debug|Any CPU
		{E878F4E4-6497-403A-86A7-8B2B9DC45277}.Release|Any CPU.ActiveCfg = Release|Any CPU
		{E878F4E4-6497-403A-86A7-8B2B9DC45277}.Release|Any CPU.Build.0 = Release|Any CPU
		{D436C668-1157-4605-8810-8E60B814B879}.Debug|Any CPU.ActiveCfg = Debug|Any CPU
		{D436C668-1157-4605-8810-8E60B814B879}.Debug|Any CPU.Build.0 = Debug|Any CPU
		{D436C668-1157-4605-8810-8E60B814B879}.Release|Any CPU.ActiveCfg = Release|Any CPU
		{D436C668-1157-4605-8810-8E60B814B879}.Release|Any CPU.Build.0 = Release|Any CPU
	EndGlobalSection
	GlobalSection(SolutionProperties) = preSolution
		HideSolutionNode = FALSE
	EndGlobalSection
	GlobalSection(ExtensibilityGlobals) = postSolution
		SolutionGuid = {4E0175B8-23FF-4BDC-A3FF-3F9269035995}
	EndGlobalSection
EndGlobal
