
Microsoft Visual Studio Solution File, Format Version 12.00
# Visual Studio Version 17
VisualStudioVersion = 17.9.34310.174
MinimumVisualStudioVersion = 10.0.40219.1
Project("{FAE04EC0-301F-11D3-BF4B-00C04F79EFBC}") = "IntelliView.API", "IntelliView.API\IntelliView.API.csproj", "{F7436E8D-6D1D-46DC-933E-B1A839A9CA36}"
EndProject
Project("{FAE04EC0-301F-11D3-BF4B-00C04F79EFBC}") = "IntelliView.DataAccess", "IntelliView.DataAccess\IntelliView.DataAccess.csproj", "{DD46A125-43C8-4FF5-9193-29DCF40C1E97}"
EndProject
Project("{FAE04EC0-301F-11D3-BF4B-00C04F79EFBC}") = "IntelliView.Utility", "IntelliView.Utility\IntelliView.Utility.csproj", "{93EE510D-4525-4967-899A-657E73FC233B}"
EndProject
Project("{FAE04EC0-301F-11D3-BF4B-00C04F79EFBC}") = "IntelliView.Models", "IntelliView.Models\IntelliView.Models.csproj", "{809B94D6-E7A6-4A24-84D5-52F1A140C8CE}"
EndProject
Global
	GlobalSection(SolutionConfigurationPlatforms) = preSolution
		Debug|Any CPU = Debug|Any CPU
		Release|Any CPU = Release|Any CPU
	EndGlobalSection
	GlobalSection(ProjectConfigurationPlatforms) = postSolution
		{F7436E8D-6D1D-46DC-933E-B1A839A9CA36}.Debug|Any CPU.ActiveCfg = Debug|Any CPU
		{F7436E8D-6D1D-46DC-933E-B1A839A9CA36}.Debug|Any CPU.Build.0 = Debug|Any CPU
		{F7436E8D-6D1D-46DC-933E-B1A839A9CA36}.Release|Any CPU.ActiveCfg = Release|Any CPU
		{F7436E8D-6D1D-46DC-933E-B1A839A9CA36}.Release|Any CPU.Build.0 = Release|Any CPU
		{DD46A125-43C8-4FF5-9193-29DCF40C1E97}.Debug|Any CPU.ActiveCfg = Debug|Any CPU
		{DD46A125-43C8-4FF5-9193-29DCF40C1E97}.Debug|Any CPU.Build.0 = Debug|Any CPU
		{DD46A125-43C8-4FF5-9193-29DCF40C1E97}.Release|Any CPU.ActiveCfg = Release|Any CPU
		{DD46A125-43C8-4FF5-9193-29DCF40C1E97}.Release|Any CPU.Build.0 = Release|Any CPU
		{93EE510D-4525-4967-899A-657E73FC233B}.Debug|Any CPU.ActiveCfg = Debug|Any CPU
		{93EE510D-4525-4967-899A-657E73FC233B}.Debug|Any CPU.Build.0 = Debug|Any CPU
		{93EE510D-4525-4967-899A-657E73FC233B}.Release|Any CPU.ActiveCfg = Release|Any CPU
		{93EE510D-4525-4967-899A-657E73FC233B}.Release|Any CPU.Build.0 = Release|Any CPU
		{809B94D6-E7A6-4A24-84D5-52F1A140C8CE}.Debug|Any CPU.ActiveCfg = Debug|Any CPU
		{809B94D6-E7A6-4A24-84D5-52F1A140C8CE}.Debug|Any CPU.Build.0 = Debug|Any CPU
		{809B94D6-E7A6-4A24-84D5-52F1A140C8CE}.Release|Any CPU.ActiveCfg = Release|Any CPU
		{809B94D6-E7A6-4A24-84D5-52F1A140C8CE}.Release|Any CPU.Build.0 = Release|Any CPU
	EndGlobalSection
	GlobalSection(SolutionProperties) = preSolution
		HideSolutionNode = FALSE
	EndGlobalSection
	GlobalSection(ExtensibilityGlobals) = postSolution
		SolutionGuid = {B14E1F7B-CC70-4342-90B9-48C72192E9E2}
	EndGlobalSection
EndGlobal
